
Microsoft Visual Studio Solution File, Format Version 12.00
# Visual Studio Version 17
VisualStudioVersion = 17.4.33205.214
MinimumVisualStudioVersion = 10.0.40219.1
Project("{9A19103F-16F7-4668-BE54-9A1E7A4F7556}") = "SportsCompetition", "SportsCompetition\SportsCompetition.csproj", "{044C1D02-7CA6-44A7-9F24-D18CC66EE703}"
EndProject
Global
	GlobalSection(SolutionConfigurationPlatforms) = preSolution
		Debug|Any CPU = Debug|Any CPU
		Release|Any CPU = Release|Any CPU
	EndGlobalSection
	GlobalSection(ProjectConfigurationPlatforms) = postSolution
		{044C1D02-7CA6-44A7-9F24-D18CC66EE703}.Debug|Any CPU.ActiveCfg = Debug|Any CPU
		{044C1D02-7CA6-44A7-9F24-D18CC66EE703}.Debug|Any CPU.Build.0 = Debug|Any CPU
		{044C1D02-7CA6-44A7-9F24-D18CC66EE703}.Release|Any CPU.ActiveCfg = Release|Any CPU
		{044C1D02-7CA6-44A7-9F24-D18CC66EE703}.Release|Any CPU.Build.0 = Release|Any CPU
	EndGlobalSection
	GlobalSection(SolutionProperties) = preSolution
		HideSolutionNode = FALSE
	EndGlobalSection
	GlobalSection(ExtensibilityGlobals) = postSolution
		SolutionGuid = {A0D789A7-DCEE-4729-B64E-B895AC99A2FF}
	EndGlobalSection
EndGlobal
